<Solution>
  <Project Path="pocs/MagicLinkAuthn/src/MagicLinkAuthn/MagicLinkAuthn.csproj" />
  <Project Path="pocs/MagicLinkAuthn/tests/MagicLinkAuthn.Tests/MagicLinkAuthn.Tests.csproj" />
  <Project Path="pocs/PasskeyAuthn/src/PasskeyAuthn/PasskeyAuthn.csproj" />
  <Project Path="pocs/PasskeyAuthn/tests/PasskeyAuthn.Tests/PasskeyAuthn.Tests.csproj" />
</Solution>
